{
  "name": "PaygoMiniGameDemo",
  "version": "3.0.0",
  "lockfileVersion": 3,
  "requires": true,
  "packages": {
    "": {
      "name": "PaygoMiniGameDemo",
      "version": "3.0.0",
      "dependencies": {
        "@paygo-biu/minigame-sdk": "file:../../paygo-client/minigame-sdk/dist/paygo-biu-minigame-sdk-1.0.0.tgz"
      }
    },
    "node_modules/@paygo-biu/minigame-sdk": {
      "version": "1.0.0",
      "resolved": "file:../../paygo-client/minigame-sdk/dist/paygo-biu-minigame-sdk-1.0.0.tgz",
      "integrity": "sha512-ru4yd5kZ1sSboJERsrAZBPI2dY0eJs5rDy48mYVbFWwrW3WCQ/keyoBQyPz9zANO8OfKWk/U1xRUzQLe9crU4A==",
      "license": "ISC"
    }
  }
}
